// !$*UTF8*$!
{
	archiveVersion = 1;
	classes = {
	};
	objectVersion = 46;
	objects = {

/* Begin PBXBuildFile section */
		5D386DD516CBF760005C4BA3 /* graph.cpp in Sources */ = {isa = PBXBuildFile; fileRef = 5D386DD316CBF760005C4BA3 /* graph.cpp */; };
		5D38720A16B874A70062B72E /* main.cpp in Sources */ = {isa = PBXBuildFile; fileRef = 5D38720916B874A70062B72E /* main.cpp */; settings = {COMPILER_FLAGS = "-lm"; }; };
		5DA52C6E16C1BD76008D9D7D /* libboost_mpi.dylib in Frameworks */ = {isa = PBXBuildFile; fileRef = 5DA52C6A16C1BD76008D9D7D /* libboost_mpi.dylib */; };
		5DA52C6F16C1BD76008D9D7D /* libboost_serialization.dylib in Frameworks */ = {isa = PBXBuildFile; fileRef = 5DA52C6B16C1BD76008D9D7D /* libboost_serialization.dylib */; };
		5DA52C7216C1BDBD008D9D7D /* libmpi_cxx.1.dylib in Frameworks */ = {isa = PBXBuildFile; fileRef = 5DA52C6C16C1BD76008D9D7D /* libmpi_cxx.1.dylib */; };
		5DA52C7316C1BDBD008D9D7D /* libmpi.1.dylib in Frameworks */ = {isa = PBXBuildFile; fileRef = 5DA52C6D16C1BD76008D9D7D /* libmpi.1.dylib */; };
/* End PBXBuildFile section */

/* Begin PBXCopyFilesBuildPhase section */
		5D38720316B874A70062B72E /* CopyFiles */ = {
			isa = PBXCopyFilesBuildPhase;
			buildActionMask = 2147483647;
			dstPath = /usr/share/man/man1/;
			dstSubfolderSpec = 0;
			files = (
			);
			runOnlyForDeploymentPostprocessing = 1;
		};
/* End PBXCopyFilesBuildPhase section */

/* Begin PBXFileReference section */
		5D33AC7616DC62740046A273 /* Arg.h */ = {isa = PBXFileReference; fileEncoding = 4; lastKnownFileType = sourcecode.c.h; path = Arg.h; sourceTree = "<group>"; };
		5D33AC7716DC62740046A273 /* ArgException.h */ = {isa = PBXFileReference; fileEncoding = 4; lastKnownFileType = sourcecode.c.h; path = ArgException.h; sourceTree = "<group>"; };
		5D33AC7916DC62740046A273 /* CmdLine.h */ = {isa = PBXFileReference; fileEncoding = 4; lastKnownFileType = sourcecode.c.h; path = CmdLine.h; sourceTree = "<group>"; };
		5D33AC7A16DC62740046A273 /* CmdLineInterface.h */ = {isa = PBXFileReference; fileEncoding = 4; lastKnownFileType = sourcecode.c.h; path = CmdLineInterface.h; sourceTree = "<group>"; };
		5D33AC7B16DC62740046A273 /* CmdLineOutput.h */ = {isa = PBXFileReference; fileEncoding = 4; lastKnownFileType = sourcecode.c.h; path = CmdLineOutput.h; sourceTree = "<group>"; };
		5D33AC7C16DC62740046A273 /* Constraint.h */ = {isa = PBXFileReference; fileEncoding = 4; lastKnownFileType = sourcecode.c.h; path = Constraint.h; sourceTree = "<group>"; };
		5D33AC7D16DC62740046A273 /* DocBookOutput.h */ = {isa = PBXFileReference; fileEncoding = 4; lastKnownFileType = sourcecode.c.h; path = DocBookOutput.h; sourceTree = "<group>"; };
		5D33AC7E16DC62740046A273 /* HelpVisitor.h */ = {isa = PBXFileReference; fileEncoding = 4; lastKnownFileType = sourcecode.c.h; path = HelpVisitor.h; sourceTree = "<group>"; };
		5D33AC7F16DC62740046A273 /* IgnoreRestVisitor.h */ = {isa = PBXFileReference; fileEncoding = 4; lastKnownFileType = sourcecode.c.h; path = IgnoreRestVisitor.h; sourceTree = "<group>"; };
		5D33AC8216DC62740046A273 /* MultiArg.h */ = {isa = PBXFileReference; fileEncoding = 4; lastKnownFileType = sourcecode.c.h; path = MultiArg.h; sourceTree = "<group>"; };
		5D33AC8316DC62740046A273 /* MultiSwitchArg.h */ = {isa = PBXFileReference; fileEncoding = 4; lastKnownFileType = sourcecode.c.h; path = MultiSwitchArg.h; sourceTree = "<group>"; };
		5D33AC8416DC62740046A273 /* OptionalUnlabeledTracker.h */ = {isa = PBXFileReference; fileEncoding = 4; lastKnownFileType = sourcecode.c.h; path = OptionalUnlabeledTracker.h; sourceTree = "<group>"; };
		5D33AC8616DC62740046A273 /* StdOutput.h */ = {isa = PBXFileReference; fileEncoding = 4; lastKnownFileType = sourcecode.c.h; path = StdOutput.h; sourceTree = "<group>"; };
		5D33AC8716DC62740046A273 /* SwitchArg.h */ = {isa = PBXFileReference; fileEncoding = 4; lastKnownFileType = sourcecode.c.h; path = SwitchArg.h; sourceTree = "<group>"; };
		5D33AC8816DC62740046A273 /* UnlabeledMultiArg.h */ = {isa = PBXFileReference; fileEncoding = 4; lastKnownFileType = sourcecode.c.h; path = UnlabeledMultiArg.h; sourceTree = "<group>"; };
		5D33AC8916DC62740046A273 /* UnlabeledValueArg.h */ = {isa = PBXFileReference; fileEncoding = 4; lastKnownFileType = sourcecode.c.h; path = UnlabeledValueArg.h; sourceTree = "<group>"; };
		5D33AC8A16DC62740046A273 /* ValueArg.h */ = {isa = PBXFileReference; fileEncoding = 4; lastKnownFileType = sourcecode.c.h; path = ValueArg.h; sourceTree = "<group>"; };
		5D33AC8B16DC62740046A273 /* ValuesConstraint.h */ = {isa = PBXFileReference; fileEncoding = 4; lastKnownFileType = sourcecode.c.h; path = ValuesConstraint.h; sourceTree = "<group>"; };
		5D33AC8C16DC62740046A273 /* VersionVisitor.h */ = {isa = PBXFileReference; fileEncoding = 4; lastKnownFileType = sourcecode.c.h; path = VersionVisitor.h; sourceTree = "<group>"; };
		5D33AC8D16DC62740046A273 /* Visitor.h */ = {isa = PBXFileReference; fileEncoding = 4; lastKnownFileType = sourcecode.c.h; path = Visitor.h; sourceTree = "<group>"; };
		5D33AC8E16DC62740046A273 /* XorHandler.h */ = {isa = PBXFileReference; fileEncoding = 4; lastKnownFileType = sourcecode.c.h; path = XorHandler.h; sourceTree = "<group>"; };
		5D372BB516D74D3E001FEE4E /* rapidxml.hpp */ = {isa = PBXFileReference; lastKnownFileType = sourcecode.cpp.h; path = rapidxml.hpp; sourceTree = "<group>"; };
		5D372BB616D74E24001FEE4E /* rapidxml_utils.hpp */ = {isa = PBXFileReference; lastKnownFileType = sourcecode.cpp.h; path = rapidxml_utils.hpp; sourceTree = "<group>"; };
		5D372BB716D753D7001FEE4E /* rapidxml_print.hpp */ = {isa = PBXFileReference; lastKnownFileType = sourcecode.cpp.h; path = rapidxml_print.hpp; sourceTree = "<group>"; };
		5D386DD316CBF760005C4BA3 /* graph.cpp */ = {isa = PBXFileReference; fileEncoding = 4; lastKnownFileType = sourcecode.cpp.cpp; path = graph.cpp; sourceTree = "<group>"; };
		5D386DD416CBF760005C4BA3 /* graph.h */ = {isa = PBXFileReference; fileEncoding = 4; lastKnownFileType = sourcecode.c.h; path = graph.h; sourceTree = "<group>"; };
		5D38720516B874A70062B72E /* generator */ = {isa = PBXFileReference; explicitFileType = "compiled.mach-o.executable"; includeInIndex = 0; path = generator; sourceTree = BUILT_PRODUCTS_DIR; };
		5D38720916B874A70062B72E /* main.cpp */ = {isa = PBXFileReference; lastKnownFileType = sourcecode.cpp.cpp; path = main.cpp; sourceTree = "<group>"; };
		5D7DB55216CBFC82008E7356 /* main.h */ = {isa = PBXFileReference; lastKnownFileType = sourcecode.c.h; path = main.h; sourceTree = "<group>"; };
		5DA52C6A16C1BD76008D9D7D /* libboost_mpi.dylib */ = {isa = PBXFileReference; lastKnownFileType = "compiled.mach-o.dylib"; name = libboost_mpi.dylib; path = ../../../../../usr/local/lib/libboost_mpi.dylib; sourceTree = "<group>"; };
		5DA52C6B16C1BD76008D9D7D /* libboost_serialization.dylib */ = {isa = PBXFileReference; lastKnownFileType = "compiled.mach-o.dylib"; name = libboost_serialization.dylib; path = ../../../../../usr/local/lib/libboost_serialization.dylib; sourceTree = "<group>"; };
		5DA52C6C16C1BD76008D9D7D /* libmpi_cxx.1.dylib */ = {isa = PBXFileReference; lastKnownFileType = "compiled.mach-o.dylib"; name = libmpi_cxx.1.dylib; path = ../../../../../usr/local/lib/libmpi_cxx.1.dylib; sourceTree = "<group>"; };
		5DA52C6D16C1BD76008D9D7D /* libmpi.1.dylib */ = {isa = PBXFileReference; lastKnownFileType = "compiled.mach-o.dylib"; name = libmpi.1.dylib; path = ../../../../../usr/local/lib/libmpi.1.dylib; sourceTree = "<group>"; };
/* End PBXFileReference section */

/* Begin PBXFrameworksBuildPhase section */
		5D38720216B874A70062B72E /* Frameworks */ = {
			isa = PBXFrameworksBuildPhase;
			buildActionMask = 2147483647;
			files = (
				5DA52C7216C1BDBD008D9D7D /* libmpi_cxx.1.dylib in Frameworks */,
				5DA52C7316C1BDBD008D9D7D /* libmpi.1.dylib in Frameworks */,
				5DA52C6E16C1BD76008D9D7D /* libboost_mpi.dylib in Frameworks */,
				5DA52C6F16C1BD76008D9D7D /* libboost_serialization.dylib in Frameworks */,
			);
			runOnlyForDeploymentPostprocessing = 0;
		};
/* End PBXFrameworksBuildPhase section */

/* Begin PBXGroup section */
		5D33AC7416DC60CA0046A273 /* libs */ = {
			isa = PBXGroup;
			children = (
				5D33AC7516DC62740046A273 /* tclap */,
				5D386DD316CBF760005C4BA3 /* graph.cpp */,
				5D386DD416CBF760005C4BA3 /* graph.h */,
				5D372BB716D753D7001FEE4E /* rapidxml_print.hpp */,
				5D372BB616D74E24001FEE4E /* rapidxml_utils.hpp */,
				5D372BB516D74D3E001FEE4E /* rapidxml.hpp */,
			);
			name = libs;
			path = generator/libs;
			sourceTree = SOURCE_ROOT;
		};
		5D33AC7516DC62740046A273 /* tclap */ = {
			isa = PBXGroup;
			children = (
				5D33AC7616DC62740046A273 /* Arg.h */,
				5D33AC7716DC62740046A273 /* ArgException.h */,
				5D33AC7916DC62740046A273 /* CmdLine.h */,
				5D33AC7A16DC62740046A273 /* CmdLineInterface.h */,
				5D33AC7B16DC62740046A273 /* CmdLineOutput.h */,
				5D33AC7C16DC62740046A273 /* Constraint.h */,
				5D33AC7D16DC62740046A273 /* DocBookOutput.h */,
				5D33AC7E16DC62740046A273 /* HelpVisitor.h */,
				5D33AC7F16DC62740046A273 /* IgnoreRestVisitor.h */,
				5D33AC8216DC62740046A273 /* MultiArg.h */,
				5D33AC8316DC62740046A273 /* MultiSwitchArg.h */,
				5D33AC8416DC62740046A273 /* OptionalUnlabeledTracker.h */,
				5D33AC8616DC62740046A273 /* StdOutput.h */,
				5D33AC8716DC62740046A273 /* SwitchArg.h */,
				5D33AC8816DC62740046A273 /* UnlabeledMultiArg.h */,
				5D33AC8916DC62740046A273 /* UnlabeledValueArg.h */,
				5D33AC8A16DC62740046A273 /* ValueArg.h */,
				5D33AC8B16DC62740046A273 /* ValuesConstraint.h */,
				5D33AC8C16DC62740046A273 /* VersionVisitor.h */,
				5D33AC8D16DC62740046A273 /* Visitor.h */,
				5D33AC8E16DC62740046A273 /* XorHandler.h */,
			);
			name = tclap;
			path = ../tclap;
			sourceTree = "<group>";
		};
		5D3871FA16B874A70062B72E = {
			isa = PBXGroup;
			children = (
				5DA52C6A16C1BD76008D9D7D /* libboost_mpi.dylib */,
				5DA52C6B16C1BD76008D9D7D /* libboost_serialization.dylib */,
				5DA52C6C16C1BD76008D9D7D /* libmpi_cxx.1.dylib */,
				5DA52C6D16C1BD76008D9D7D /* libmpi.1.dylib */,
				5D38720816B874A70062B72E /* generator */,
				5D38720616B874A70062B72E /* Products */,
			);
			sourceTree = "<group>";
		};
		5D38720616B874A70062B72E /* Products */ = {
			isa = PBXGroup;
			children = (
				5D38720516B874A70062B72E /* generator */,
			);
			name = Products;
			sourceTree = "<group>";
		};
		5D38720816B874A70062B72E /* generator */ = {
			isa = PBXGroup;
			children = (
				5D33AC7416DC60CA0046A273 /* libs */,
				5D38720916B874A70062B72E /* main.cpp */,
				5D7DB55216CBFC82008E7356 /* main.h */,
			);
			path = generator;
			sourceTree = "<group>";
		};
/* End PBXGroup section */

/* Begin PBXNativeTarget section */
		5D38720416B874A70062B72E /* generator */ = {
			isa = PBXNativeTarget;
			buildConfigurationList = 5D38720F16B874A70062B72E /* Build configuration list for PBXNativeTarget "generator" */;
			buildPhases = (
				5D38720116B874A70062B72E /* Sources */,
				5D38720216B874A70062B72E /* Frameworks */,
				5D38720316B874A70062B72E /* CopyFiles */,
			);
			buildRules = (
			);
			dependencies = (
			);
			name = generator;
			productName = DeploymentOptimization;
			productReference = 5D38720516B874A70062B72E /* generator */;
			productType = "com.apple.product-type.tool";
		};
/* End PBXNativeTarget section */

/* Begin PBXProject section */
		5D3871FC16B874A70062B72E /* Project object */ = {
			isa = PBXProject;
			attributes = {
				LastUpgradeCheck = 0450;
				ORGANIZATIONNAME = "Virginia Tech";
			};
			buildConfigurationList = 5D3871FF16B874A70062B72E /* Build configuration list for PBXProject "generator" */;
			compatibilityVersion = "Xcode 3.2";
			developmentRegion = English;
			hasScannedForEncodings = 0;
			knownRegions = (
				en,
			);
			mainGroup = 5D3871FA16B874A70062B72E;
			productRefGroup = 5D38720616B874A70062B72E /* Products */;
			projectDirPath = "";
			projectRoot = "";
			targets = (
				5D38720416B874A70062B72E /* generator */,
			);
		};
/* End PBXProject section */

/* Begin PBXSourcesBuildPhase section */
		5D38720116B874A70062B72E /* Sources */ = {
			isa = PBXSourcesBuildPhase;
			buildActionMask = 2147483647;
			files = (
				5D38720A16B874A70062B72E /* main.cpp in Sources */,
				5D386DD516CBF760005C4BA3 /* graph.cpp in Sources */,
			);
			runOnlyForDeploymentPostprocessing = 0;
		};
/* End PBXSourcesBuildPhase section */

/* Begin XCBuildConfiguration section */
		5D38720D16B874A70062B72E /* Debug */ = {
			isa = XCBuildConfiguration;
			buildSettings = {
				ALWAYS_SEARCH_USER_PATHS = NO;
				ARCHS = "$(ARCHS_STANDARD_64_BIT)";
				CLANG_CXX_LANGUAGE_STANDARD = "gnu++0x";
				CLANG_CXX_LIBRARY = "libc++";
				CLANG_ENABLE_OBJC_ARC = YES;
				CLANG_WARN_EMPTY_BODY = YES;
				CLANG_WARN__DUPLICATE_METHOD_MATCH = YES;
				COPY_PHASE_STRIP = NO;
				GCC_C_LANGUAGE_STANDARD = gnu99;
				GCC_DYNAMIC_NO_PIC = NO;
				GCC_ENABLE_OBJC_EXCEPTIONS = YES;
				GCC_OPTIMIZATION_LEVEL = 0;
				GCC_PREPROCESSOR_DEFINITIONS = (
					"DEBUG=1",
					"$(inherited)",
				);
				GCC_SYMBOLS_PRIVATE_EXTERN = NO;
				GCC_VERSION = com.apple.compilers.llvmgcc42;
				GCC_WARN_64_TO_32_BIT_CONVERSION = YES;
				GCC_WARN_ABOUT_RETURN_TYPE = YES;
				GCC_WARN_UNINITIALIZED_AUTOS = YES;
				GCC_WARN_UNUSED_VARIABLE = YES;
				HEADER_SEARCH_PATHS = /usr/local/include/;
				LIBRARY_SEARCH_PATHS = /usr/local/lib;
				MACOSX_DEPLOYMENT_TARGET = 10.8;
				ONLY_ACTIVE_ARCH = YES;
				PRODUCT_NAME = generator;
				SDKROOT = macosx;
				SYMROOT = "$(PROJECT_NAME)/gen";
			};
			name = Debug;
		};
		5D38720E16B874A70062B72E /* Release */ = {
			isa = XCBuildConfiguration;
			buildSettings = {
				ALWAYS_SEARCH_USER_PATHS = NO;
				ARCHS = "$(ARCHS_STANDARD_64_BIT)";
				CLANG_CXX_LANGUAGE_STANDARD = "gnu++0x";
				CLANG_CXX_LIBRARY = "libc++";
				CLANG_ENABLE_OBJC_ARC = YES;
				CLANG_WARN_EMPTY_BODY = YES;
				CLANG_WARN__DUPLICATE_METHOD_MATCH = YES;
				COPY_PHASE_STRIP = YES;
				DEBUG_INFORMATION_FORMAT = "dwarf-with-dsym";
				GCC_C_LANGUAGE_STANDARD = gnu99;
				GCC_ENABLE_OBJC_EXCEPTIONS = YES;
				GCC_VERSION = com.apple.compilers.llvmgcc42;
				GCC_WARN_64_TO_32_BIT_CONVERSION = YES;
				GCC_WARN_ABOUT_RETURN_TYPE = YES;
				GCC_WARN_UNINITIALIZED_AUTOS = YES;
				GCC_WARN_UNUSED_VARIABLE = YES;
				HEADER_SEARCH_PATHS = /usr/local/include/;
				LIBRARY_SEARCH_PATHS = /usr/local/lib;
				MACOSX_DEPLOYMENT_TARGET = 10.8;
				PRODUCT_NAME = generator;
				SDKROOT = macosx;
				SYMROOT = "$(PROJECT_NAME)/gen";
			};
			name = Release;
		};
		5D38721016B874A70062B72E /* Debug */ = {
			isa = XCBuildConfiguration;
			buildSettings = {
				GCC_VERSION = com.apple.compilers.llvmgcc42;
				HEADER_SEARCH_PATHS = (
					/usr/local/include/,
					libs/,
				);
				LIBRARY_SEARCH_PATHS = /usr/local/lib;
				PRODUCT_NAME = "$(PRODUCT_NAME)";
			};
			name = Debug;
		};
		5D38721116B874A70062B72E /* Release */ = {
			isa = XCBuildConfiguration;
			buildSettings = {
				GCC_VERSION = com.apple.compilers.llvmgcc42;
				HEADER_SEARCH_PATHS = (
					/usr/local/include/,
					libs/,
				);
				LIBRARY_SEARCH_PATHS = /usr/local/lib;
				PRODUCT_NAME = "$(PRODUCT_NAME)";
			};
			name = Release;
		};
/* End XCBuildConfiguration section */

/* Begin XCConfigurationList section */
		5D3871FF16B874A70062B72E /* Build configuration list for PBXProject "generator" */ = {
			isa = XCConfigurationList;
			buildConfigurations = (
				5D38720D16B874A70062B72E /* Debug */,
				5D38720E16B874A70062B72E /* Release */,
			);
			defaultConfigurationIsVisible = 0;
			defaultConfigurationName = Release;
		};
		5D38720F16B874A70062B72E /* Build configuration list for PBXNativeTarget "generator" */ = {
			isa = XCConfigurationList;
			buildConfigurations = (
				5D38721016B874A70062B72E /* Debug */,
				5D38721116B874A70062B72E /* Release */,
			);
			defaultConfigurationIsVisible = 0;
			defaultConfigurationName = Release;
		};
/* End XCConfigurationList section */
	};
	rootObject = 5D3871FC16B874A70062B72E /* Project object */;
}
